
Microsoft Visual Studio Solution File, Format Version 12.00
Project("{FAE04EC0-301F-11D3-BF4B-00C04F79EFBC}") = "CopyPastaPicture", "CopyPastaPicture\CopyPastaPicture.csproj", "{3DF755EC-7695-4D36-B114-BB21F4C82C38}"
EndProject
Global
	GlobalSection(SolutionConfigurationPlatforms) = preSolution
		Debug|Any CPU = Debug|Any CPU
		Release|Any CPU = Release|Any CPU
	EndGlobalSection
	GlobalSection(ProjectConfigurationPlatforms) = postSolution
		{3DF755EC-7695-4D36-B114-BB21F4C82C38}.Debug|Any CPU.ActiveCfg = Debug|Any CPU
		{3DF755EC-7695-4D36-B114-BB21F4C82C38}.Debug|Any CPU.Build.0 = Debug|Any CPU
		{3DF755EC-7695-4D36-B114-BB21F4C82C38}.Release|Any CPU.ActiveCfg = Release|Any CPU
		{3DF755EC-7695-4D36-B114-BB21F4C82C38}.Release|Any CPU.Build.0 = Release|Any CPU
	EndGlobalSection
EndGlobal
